
Microsoft Visual Studio Solution File, Format Version 12.00
# Visual Studio Version 16
VisualStudioVersion = 16.0.28922.388
MinimumVisualStudioVersion = 10.0.40219.1
Project("{8BC9CEB8-8B4A-11D0-8D11-00A0C91BC942}") = "ExtFileSystem", "ExtFileSystem\ExtFileSystem.vcxproj", "{8EB0A97E-8E3F-4A4A-BC2D-5C935894C75F}"
EndProject
Project("{FAE04EC0-301F-11D3-BF4B-00C04F79EFBC}") = "COM3D2.ExtFileSystem.Patcher", "COM3D2.ExtFileSystem.Patcher\COM3D2.ExtFileSystem.Patcher.csproj", "{FAA39440-B588-42C7-A321-56FBAD653F88}"
EndProject
Global
	GlobalSection(SolutionConfigurationPlatforms) = preSolution
		Debug|Any CPU = Debug|Any CPU
		Debug|x64 = Debug|x64
		Debug|x86 = Debug|x86
		Release_Verbose|Any CPU = Release_Verbose|Any CPU
		Release_Verbose|x64 = Release_Verbose|x64
		Release_Verbose|x86 = Release_Verbose|x86
		Release|Any CPU = Release|Any CPU
		Release|x64 = Release|x64
		Release|x86 = Release|x86
	EndGlobalSection
	GlobalSection(ProjectConfigurationPlatforms) = postSolution
		{8EB0A97E-8E3F-4A4A-BC2D-5C935894C75F}.Debug|Any CPU.ActiveCfg = Debug|x64
		{8EB0A97E-8E3F-4A4A-BC2D-5C935894C75F}.Debug|Any CPU.Build.0 = Debug|x64
		{8EB0A97E-8E3F-4A4A-BC2D-5C935894C75F}.Debug|x64.ActiveCfg = Debug|x64
		{8EB0A97E-8E3F-4A4A-BC2D-5C935894C75F}.Debug|x64.Build.0 = Debug|x64
		{8EB0A97E-8E3F-4A4A-BC2D-5C935894C75F}.Debug|x86.ActiveCfg = Debug|Win32
		{8EB0A97E-8E3F-4A4A-BC2D-5C935894C75F}.Debug|x86.Build.0 = Debug|Win32
		{8EB0A97E-8E3F-4A4A-BC2D-5C935894C75F}.Release_Verbose|Any CPU.ActiveCfg = Release_Verbose|x64
		{8EB0A97E-8E3F-4A4A-BC2D-5C935894C75F}.Release_Verbose|Any CPU.Build.0 = Release_Verbose|x64
		{8EB0A97E-8E3F-4A4A-BC2D-5C935894C75F}.Release_Verbose|x64.ActiveCfg = Release_Verbose|x64
		{8EB0A97E-8E3F-4A4A-BC2D-5C935894C75F}.Release_Verbose|x64.Build.0 = Release_Verbose|x64
		{8EB0A97E-8E3F-4A4A-BC2D-5C935894C75F}.Release_Verbose|x86.ActiveCfg = Release_Verbose|Win32
		{8EB0A97E-8E3F-4A4A-BC2D-5C935894C75F}.Release_Verbose|x86.Build.0 = Release_Verbose|Win32
		{8EB0A97E-8E3F-4A4A-BC2D-5C935894C75F}.Release|Any CPU.ActiveCfg = Release|x64
		{8EB0A97E-8E3F-4A4A-BC2D-5C935894C75F}.Release|Any CPU.Build.0 = Release|x64
		{8EB0A97E-8E3F-4A4A-BC2D-5C935894C75F}.Release|x64.ActiveCfg = Release|x64
		{8EB0A97E-8E3F-4A4A-BC2D-5C935894C75F}.Release|x64.Build.0 = Release|x64
		{8EB0A97E-8E3F-4A4A-BC2D-5C935894C75F}.Release|x86.ActiveCfg = Release|x64
		{8EB0A97E-8E3F-4A4A-BC2D-5C935894C75F}.Release|x86.Build.0 = Release|x64
		{FAA39440-B588-42C7-A321-56FBAD653F88}.Debug|Any CPU.ActiveCfg = Debug|Any CPU
		{FAA39440-B588-42C7-A321-56FBAD653F88}.Debug|Any CPU.Build.0 = Debug|Any CPU
		{FAA39440-B588-42C7-A321-56FBAD653F88}.Debug|x64.ActiveCfg = Debug|Any CPU
		{FAA39440-B588-42C7-A321-56FBAD653F88}.Debug|x64.Build.0 = Debug|Any CPU
		{FAA39440-B588-42C7-A321-56FBAD653F88}.Debug|x86.ActiveCfg = Debug|Any CPU
		{FAA39440-B588-42C7-A321-56FBAD653F88}.Debug|x86.Build.0 = Debug|Any CPU
		{FAA39440-B588-42C7-A321-56FBAD653F88}.Release_Verbose|Any CPU.ActiveCfg = Release|Any CPU
		{FAA39440-B588-42C7-A321-56FBAD653F88}.Release_Verbose|Any CPU.Build.0 = Release|Any CPU
		{FAA39440-B588-42C7-A321-56FBAD653F88}.Release_Verbose|x64.ActiveCfg = Release|Any CPU
		{FAA39440-B588-42C7-A321-56FBAD653F88}.Release_Verbose|x64.Build.0 = Release|Any CPU
		{FAA39440-B588-42C7-A321-56FBAD653F88}.Release_Verbose|x86.ActiveCfg = Release|Any CPU
		{FAA39440-B588-42C7-A321-56FBAD653F88}.Release_Verbose|x86.Build.0 = Release|Any CPU
		{FAA39440-B588-42C7-A321-56FBAD653F88}.Release|Any CPU.ActiveCfg = Release|Any CPU
		{FAA39440-B588-42C7-A321-56FBAD653F88}.Release|Any CPU.Build.0 = Release|Any CPU
		{FAA39440-B588-42C7-A321-56FBAD653F88}.Release|x64.ActiveCfg = Release|Any CPU
		{FAA39440-B588-42C7-A321-56FBAD653F88}.Release|x64.Build.0 = Release|Any CPU
		{FAA39440-B588-42C7-A321-56FBAD653F88}.Release|x86.ActiveCfg = Release|Any CPU
		{FAA39440-B588-42C7-A321-56FBAD653F88}.Release|x86.Build.0 = Release|Any CPU
	EndGlobalSection
	GlobalSection(SolutionProperties) = preSolution
		HideSolutionNode = FALSE
	EndGlobalSection
	GlobalSection(ExtensibilityGlobals) = postSolution
		SolutionGuid = {772126FB-63C8-48E8-AC21-A47CDC68BEB4}
	EndGlobalSection
EndGlobal
