<?xml version="1.0" encoding="utf-8"?>
<Project ToolsVersion="4.0" xmlns="http://schemas.microsoft.com/developer/msbuild/2003">
  <ItemGroup>
    <Filter Include="Source Files">
      <UniqueIdentifier>{4FC737F1-C7A5-4376-A066-2A32D752A2FF}</UniqueIdentifier>
      <Extensions>cpp;c;cc;cxx;def;odl;idl;hpj;bat;asm;asmx</Extensions>
    </Filter>
    <Filter Include="Header Files">
      <UniqueIdentifier>{93995380-89BD-4b04-88EB-625FBE52EBFB}</UniqueIdentifier>
      <Extensions>h;hh;hpp;hxx;hm;inl;inc;ipp;xsd</Extensions>
    </Filter>
    <Filter Include="Resource Files">
      <UniqueIdentifier>{67DA6AB6-F800-4c08-8B7A-83BB121AAD01}</UniqueIdentifier>
      <Extensions>rc;ico;cur;bmp;dlg;rc2;rct;bin;rgs;gif;jpg;jpeg;jpe;resx;tiff;tif;png;wav;mfcribbon-ms</Extensions>
    </Filter>
    <Filter Include="Header Files\CSV">
      <UniqueIdentifier>{3a84e57e-763a-4bf9-9179-672ea4db4465}</UniqueIdentifier>
    </Filter>
    <Filter Include="Source Files\CSV">
      <UniqueIdentifier>{22298d77-8250-4239-a330-d7a7ffd1c0af}</UniqueIdentifier>
    </Filter>
    <Filter Include="Source Files\Filesystem">
      <UniqueIdentifier>{8f08bd89-dcdc-441d-98af-2276c50e6e4c}</UniqueIdentifier>
    </Filter>
    <Filter Include="Header Files\Filesystem">
      <UniqueIdentifier>{404b76cf-4a63-42bd-a387-ca9b8e06005e}</UniqueIdentifier>
    </Filter>
    <Filter Include="Header Files\Filesystem\Files">
      <UniqueIdentifier>{9c9f8579-e0c6-4177-b8e2-34f58aa3d5de}</UniqueIdentifier>
    </Filter>
    <Filter Include="Source Files\Filesystem\Files">
      <UniqueIdentifier>{1954233c-bb2d-4f82-bf77-172cf0ebc0c4}</UniqueIdentifier>
    </Filter>
    <Filter Include="Header Files\Util">
      <UniqueIdentifier>{48405f26-1bca-4779-acff-5ca9cf348cc5}</UniqueIdentifier>
    </Filter>
  </ItemGroup>
  <ItemGroup>
    <ClCompile Include="Main.cpp">
      <Filter>Source Files</Filter>
    </ClCompile>
    <ClCompile Include="CSV\CSVAppendParser.cpp">
      <Filter>Source Files\CSV</Filter>
    </ClCompile>
    <ClCompile Include="Filesystem\ProxyFileSystem.cpp">
      <Filter>Source Files\Filesystem</Filter>
    </ClCompile>
    <ClCompile Include="Filesystem\Files\WindowsFile.cpp">
      <Filter>Source Files\Filesystem\Files</Filter>
    </ClCompile>
    <ClCompile Include="Filesystem\Files\NamedFile.cpp">
      <Filter>Source Files\Filesystem\Files</Filter>
    </ClCompile>
  </ItemGroup>
  <ItemGroup>
    <ClInclude Include="CSV\CSVAppendParser.h">
      <Filter>Header Files\CSV</Filter>
    </ClInclude>
    <ClInclude Include="CSV\CSVParserHooks.h">
      <Filter>Header Files\CSV</Filter>
    </ClInclude>
    <ClInclude Include="CSV\ICsvParser.h">
      <Filter>Header Files\CSV</Filter>
    </ClInclude>
    <ClInclude Include="Filesystem\FileSystemHooks.h">
      <Filter>Header Files\Filesystem</Filter>
    </ClInclude>
    <ClInclude Include="Filesystem\ProxyFileSystem.h">
      <Filter>Header Files\Filesystem</Filter>
    </ClInclude>
    <ClInclude Include="Filesystem\Files\NamedFile.h">
      <Filter>Header Files\Filesystem\Files</Filter>
    </ClInclude>
    <ClInclude Include="Filesystem\Files\WindowsFile.h">
      <Filter>Header Files\Filesystem\Files</Filter>
    </ClInclude>
    <ClInclude Include="Filesystem\Files\FileMemory.h">
      <Filter>Header Files\Filesystem\Files</Filter>
    </ClInclude>
    <ClInclude Include="Util\hook.h">
      <Filter>Header Files\Util</Filter>
    </ClInclude>
    <ClInclude Include="Util\logging.h">
      <Filter>Header Files\Util</Filter>
    </ClInclude>
    <ClInclude Include="Util\heap.h">
      <Filter>Header Files\Util</Filter>
    </ClInclude>
  </ItemGroup>
</Project>